// !$*UTF8*$!
{
	archiveVersion = 1;
	classes = {
	};
	objectVersion = 51;
	objects = {

/* Begin PBXBuildFile section */
		624B373226057F9100F7B0B9 /* AppDelegate.swift in Sources */ = {isa = PBXBuildFile; fileRef = 624B373126057F9100F7B0B9 /* AppDelegate.swift */; };
		624B373426057F9100F7B0B9 /* SceneDelegate.swift in Sources */ = {isa = PBXBuildFile; fileRef = 624B373326057F9100F7B0B9 /* SceneDelegate.swift */; };
		624B373926057F9100F7B0B9 /* Main.storyboard in Resources */ = {isa = PBXBuildFile; fileRef = 624B373726057F9100F7B0B9 /* Main.storyboard */; };
		624B373B26057F9200F7B0B9 /* Assets.xcassets in Resources */ = {isa = PBXBuildFile; fileRef = 624B373A26057F9200F7B0B9 /* Assets.xcassets */; };
		624B373E26057F9200F7B0B9 /* LaunchScreen.storyboard in Resources */ = {isa = PBXBuildFile; fileRef = 624B373C26057F9200F7B0B9 /* LaunchScreen.storyboard */; };
		624B374926057F9200F7B0B9 /* ParstagramTests.swift in Sources */ = {isa = PBXBuildFile; fileRef = 624B374826057F9200F7B0B9 /* ParstagramTests.swift */; };
		624B375426057F9200F7B0B9 /* ParstagramUITests.swift in Sources */ = {isa = PBXBuildFile; fileRef = 624B375326057F9200F7B0B9 /* ParstagramUITests.swift */; };
		624B37742605883400F7B0B9 /* LoginViewController.swift in Sources */ = {isa = PBXBuildFile; fileRef = 624B37732605883400F7B0B9 /* LoginViewController.swift */; };
		624B37792605884400F7B0B9 /* FeedViewController.swift in Sources */ = {isa = PBXBuildFile; fileRef = 624B37782605884400F7B0B9 /* FeedViewController.swift */; };
		624B3789260593E600F7B0B9 /* CameraViewController.swift in Sources */ = {isa = PBXBuildFile; fileRef = 624B3788260593E600F7B0B9 /* CameraViewController.swift */; };
		624B37A42605A87300F7B0B9 /* PostCell.swift in Sources */ = {isa = PBXBuildFile; fileRef = 624B37A32605A87300F7B0B9 /* PostCell.swift */; };
		6C1F298F752E4980BA828AFE /* Pods_ParstagramTests.framework in Frameworks */ = {isa = PBXBuildFile; fileRef = F2A46409FC739E211AB6A4BF /* Pods_ParstagramTests.framework */; };
		732549E2D1B302347FAC0059 /* Pods_Parstagram.framework in Frameworks */ = {isa = PBXBuildFile; fileRef = DF2FC625F0365A16BBFB95FB /* Pods_Parstagram.framework */; };
		93E1393BD98C917F41069DE6 /* Pods_Parstagram_ParstagramUITests.framework in Frameworks */ = {isa = PBXBuildFile; fileRef = DACF8A2F0B74EB43657B59C3 /* Pods_Parstagram_ParstagramUITests.framework */; };
/* End PBXBuildFile section */

/* Begin PBXContainerItemProxy section */
		624B374526057F9200F7B0B9 /* PBXContainerItemProxy */ = {
			isa = PBXContainerItemProxy;
			containerPortal = 624B372626057F9100F7B0B9 /* Project object */;
			proxyType = 1;
			remoteGlobalIDString = 624B372D26057F9100F7B0B9;
			remoteInfo = Parstagram;
		};
		624B375026057F9200F7B0B9 /* PBXContainerItemProxy */ = {
			isa = PBXContainerItemProxy;
			containerPortal = 624B372626057F9100F7B0B9 /* Project object */;
			proxyType = 1;
			remoteGlobalIDString = 624B372D26057F9100F7B0B9;
			remoteInfo = Parstagram;
		};
/* End PBXContainerItemProxy section */

/* Begin PBXFileReference section */
		2A2C4C6846CA48EAEFD59FB3 /* Pods-Parstagram.release.xcconfig */ = {isa = PBXFileReference; includeInIndex = 1; lastKnownFileType = text.xcconfig; name = "Pods-Parstagram.release.xcconfig"; path = "Target Support Files/Pods-Parstagram/Pods-Parstagram.release.xcconfig"; sourceTree = "<group>"; };
		3BB5D289BEB8BC39626EE83A /* Pods-ParstagramTests.release.xcconfig */ = {isa = PBXFileReference; includeInIndex = 1; lastKnownFileType = text.xcconfig; name = "Pods-ParstagramTests.release.xcconfig"; path = "Target Support Files/Pods-ParstagramTests/Pods-ParstagramTests.release.xcconfig"; sourceTree = "<group>"; };
		41B38A7945CC742C7D856DEA /* Pods-Parstagram-ParstagramUITests.release.xcconfig */ = {isa = PBXFileReference; includeInIndex = 1; lastKnownFileType = text.xcconfig; name = "Pods-Parstagram-ParstagramUITests.release.xcconfig"; path = "Target Support Files/Pods-Parstagram-ParstagramUITests/Pods-Parstagram-ParstagramUITests.release.xcconfig"; sourceTree = "<group>"; };
		624B372E26057F9100F7B0B9 /* Parstagram.app */ = {isa = PBXFileReference; explicitFileType = wrapper.application; includeInIndex = 0; path = Parstagram.app; sourceTree = BUILT_PRODUCTS_DIR; };
		624B373126057F9100F7B0B9 /* AppDelegate.swift */ = {isa = PBXFileReference; lastKnownFileType = sourcecode.swift; path = AppDelegate.swift; sourceTree = "<group>"; };
		624B373326057F9100F7B0B9 /* SceneDelegate.swift */ = {isa = PBXFileReference; lastKnownFileType = sourcecode.swift; path = SceneDelegate.swift; sourceTree = "<group>"; };
		624B373826057F9100F7B0B9 /* Base */ = {isa = PBXFileReference; lastKnownFileType = file.storyboard; name = Base; path = Base.lproj/Main.storyboard; sourceTree = "<group>"; };
		624B373A26057F9200F7B0B9 /* Assets.xcassets */ = {isa = PBXFileReference; lastKnownFileType = folder.assetcatalog; path = Assets.xcassets; sourceTree = "<group>"; };
		624B373D26057F9200F7B0B9 /* Base */ = {isa = PBXFileReference; lastKnownFileType = file.storyboard; name = Base; path = Base.lproj/LaunchScreen.storyboard; sourceTree = "<group>"; };
		624B373F26057F9200F7B0B9 /* Info.plist */ = {isa = PBXFileReference; lastKnownFileType = text.plist.xml; path = Info.plist; sourceTree = "<group>"; };
		624B374426057F9200F7B0B9 /* ParstagramTests.xctest */ = {isa = PBXFileReference; explicitFileType = wrapper.cfbundle; includeInIndex = 0; path = ParstagramTests.xctest; sourceTree = BUILT_PRODUCTS_DIR; };
		624B374826057F9200F7B0B9 /* ParstagramTests.swift */ = {isa = PBXFileReference; lastKnownFileType = sourcecode.swift; path = ParstagramTests.swift; sourceTree = "<group>"; };
		624B374A26057F9200F7B0B9 /* Info.plist */ = {isa = PBXFileReference; lastKnownFileType = text.plist.xml; path = Info.plist; sourceTree = "<group>"; };
		624B374F26057F9200F7B0B9 /* ParstagramUITests.xctest */ = {isa = PBXFileReference; explicitFileType = wrapper.cfbundle; includeInIndex = 0; path = ParstagramUITests.xctest; sourceTree = BUILT_PRODUCTS_DIR; };
		624B375326057F9200F7B0B9 /* ParstagramUITests.swift */ = {isa = PBXFileReference; lastKnownFileType = sourcecode.swift; path = ParstagramUITests.swift; sourceTree = "<group>"; };
		624B375526057F9200F7B0B9 /* Info.plist */ = {isa = PBXFileReference; lastKnownFileType = text.plist.xml; path = Info.plist; sourceTree = "<group>"; };
		624B37732605883400F7B0B9 /* LoginViewController.swift */ = {isa = PBXFileReference; lastKnownFileType = sourcecode.swift; path = LoginViewController.swift; sourceTree = "<group>"; };
		624B37782605884400F7B0B9 /* FeedViewController.swift */ = {isa = PBXFileReference; lastKnownFileType = sourcecode.swift; path = FeedViewController.swift; sourceTree = "<group>"; };
		624B3788260593E600F7B0B9 /* CameraViewController.swift */ = {isa = PBXFileReference; lastKnownFileType = sourcecode.swift; path = CameraViewController.swift; sourceTree = "<group>"; };
		624B37A32605A87300F7B0B9 /* PostCell.swift */ = {isa = PBXFileReference; lastKnownFileType = sourcecode.swift; name = PostCell.swift; path = Pods/PostCell.swift; sourceTree = SOURCE_ROOT; };
		9D8052286B609FA8F8691582 /* Pods-Parstagram-ParstagramUITests.debug.xcconfig */ = {isa = PBXFileReference; includeInIndex = 1; lastKnownFileType = text.xcconfig; name = "Pods-Parstagram-ParstagramUITests.debug.xcconfig"; path = "Target Support Files/Pods-Parstagram-ParstagramUITests/Pods-Parstagram-ParstagramUITests.debug.xcconfig"; sourceTree = "<group>"; };
		AAE17C37CE825784D8F02CAB /* Pods-Parstagram.debug.xcconfig */ = {isa = PBXFileReference; includeInIndex = 1; lastKnownFileType = text.xcconfig; name = "Pods-Parstagram.debug.xcconfig"; path = "Target Support Files/Pods-Parstagram/Pods-Parstagram.debug.xcconfig"; sourceTree = "<group>"; };
		D3CEAFB9B9FD46D29DC3FE49 /* Pods-ParstagramTests.debug.xcconfig */ = {isa = PBXFileReference; includeInIndex = 1; lastKnownFileType = text.xcconfig; name = "Pods-ParstagramTests.debug.xcconfig"; path = "Target Support Files/Pods-ParstagramTests/Pods-ParstagramTests.debug.xcconfig"; sourceTree = "<group>"; };
		DACF8A2F0B74EB43657B59C3 /* Pods_Parstagram_ParstagramUITests.framework */ = {isa = PBXFileReference; explicitFileType = wrapper.framework; includeInIndex = 0; path = Pods_Parstagram_ParstagramUITests.framework; sourceTree = BUILT_PRODUCTS_DIR; };
		DF2FC625F0365A16BBFB95FB /* Pods_Parstagram.framework */ = {isa = PBXFileReference; explicitFileType = wrapper.framework; includeInIndex = 0; path = Pods_Parstagram.framework; sourceTree = BUILT_PRODUCTS_DIR; };
		F2A46409FC739E211AB6A4BF /* Pods_ParstagramTests.framework */ = {isa = PBXFileReference; explicitFileType = wrapper.framework; includeInIndex = 0; path = Pods_ParstagramTests.framework; sourceTree = BUILT_PRODUCTS_DIR; };
/* End PBXFileReference section */

/* Begin PBXFrameworksBuildPhase section */
		624B372B26057F9100F7B0B9 /* Frameworks */ = {
			isa = PBXFrameworksBuildPhase;
			buildActionMask = 2147483647;
			files = (
				732549E2D1B302347FAC0059 /* Pods_Parstagram.framework in Frameworks */,
			);
			runOnlyForDeploymentPostprocessing = 0;
		};
		624B374126057F9200F7B0B9 /* Frameworks */ = {
			isa = PBXFrameworksBuildPhase;
			buildActionMask = 2147483647;
			files = (
				6C1F298F752E4980BA828AFE /* Pods_ParstagramTests.framework in Frameworks */,
			);
			runOnlyForDeploymentPostprocessing = 0;
		};
		624B374C26057F9200F7B0B9 /* Frameworks */ = {
			isa = PBXFrameworksBuildPhase;
			buildActionMask = 2147483647;
			files = (
				93E1393BD98C917F41069DE6 /* Pods_Parstagram_ParstagramUITests.framework in Frameworks */,
			);
			runOnlyForDeploymentPostprocessing = 0;
		};
/* End PBXFrameworksBuildPhase section */

/* Begin PBXGroup section */
		15BB623455482AE8DE995F92 /* Pods */ = {
			isa = PBXGroup;
			children = (
				AAE17C37CE825784D8F02CAB /* Pods-Parstagram.debug.xcconfig */,
				2A2C4C6846CA48EAEFD59FB3 /* Pods-Parstagram.release.xcconfig */,
				9D8052286B609FA8F8691582 /* Pods-Parstagram-ParstagramUITests.debug.xcconfig */,
				41B38A7945CC742C7D856DEA /* Pods-Parstagram-ParstagramUITests.release.xcconfig */,
				D3CEAFB9B9FD46D29DC3FE49 /* Pods-ParstagramTests.debug.xcconfig */,
				3BB5D289BEB8BC39626EE83A /* Pods-ParstagramTests.release.xcconfig */,
			);
			path = Pods;
			sourceTree = "<group>";
		};
		624B372526057F9100F7B0B9 = {
			isa = PBXGroup;
			children = (
				624B373026057F9100F7B0B9 /* Parstagram */,
				624B374726057F9200F7B0B9 /* ParstagramTests */,
				624B375226057F9200F7B0B9 /* ParstagramUITests */,
				624B372F26057F9100F7B0B9 /* Products */,
				15BB623455482AE8DE995F92 /* Pods */,
				8841C7DAA7917A5FDA5BBDDD /* Frameworks */,
			);
			sourceTree = "<group>";
		};
		624B372F26057F9100F7B0B9 /* Products */ = {
			isa = PBXGroup;
			children = (
				624B372E26057F9100F7B0B9 /* Parstagram.app */,
				624B374426057F9200F7B0B9 /* ParstagramTests.xctest */,
				624B374F26057F9200F7B0B9 /* ParstagramUITests.xctest */,
			);
			name = Products;
			sourceTree = "<group>";
		};
		624B373026057F9100F7B0B9 /* Parstagram */ = {
			isa = PBXGroup;
			children = (
				624B37A32605A87300F7B0B9 /* PostCell.swift */,
				624B373126057F9100F7B0B9 /* AppDelegate.swift */,
				624B373326057F9100F7B0B9 /* SceneDelegate.swift */,
				624B37732605883400F7B0B9 /* LoginViewController.swift */,
				624B37782605884400F7B0B9 /* FeedViewController.swift */,
				624B3788260593E600F7B0B9 /* CameraViewController.swift */,
				624B373726057F9100F7B0B9 /* Main.storyboard */,
				624B373A26057F9200F7B0B9 /* Assets.xcassets */,
				624B373C26057F9200F7B0B9 /* LaunchScreen.storyboard */,
				624B373F26057F9200F7B0B9 /* Info.plist */,
			);
			path = Parstagram;
			sourceTree = "<group>";
		};
		624B374726057F9200F7B0B9 /* ParstagramTests */ = {
			isa = PBXGroup;
			children = (
				624B374826057F9200F7B0B9 /* ParstagramTests.swift */,
				624B374A26057F9200F7B0B9 /* Info.plist */,
			);
			path = ParstagramTests;
			sourceTree = "<group>";
		};
		624B375226057F9200F7B0B9 /* ParstagramUITests */ = {
			isa = PBXGroup;
			children = (
				624B375326057F9200F7B0B9 /* ParstagramUITests.swift */,
				624B375526057F9200F7B0B9 /* Info.plist */,
			);
			path = ParstagramUITests;
			sourceTree = "<group>";
		};
		8841C7DAA7917A5FDA5BBDDD /* Frameworks */ = {
			isa = PBXGroup;
			children = (
				DF2FC625F0365A16BBFB95FB /* Pods_Parstagram.framework */,
				DACF8A2F0B74EB43657B59C3 /* Pods_Parstagram_ParstagramUITests.framework */,
				F2A46409FC739E211AB6A4BF /* Pods_ParstagramTests.framework */,
			);
			name = Frameworks;
			sourceTree = "<group>";
		};
/* End PBXGroup section */

/* Begin PBXNativeTarget section */
		624B372D26057F9100F7B0B9 /* Parstagram */ = {
			isa = PBXNativeTarget;
			buildConfigurationList = 624B375826057F9200F7B0B9 /* Build configuration list for PBXNativeTarget "Parstagram" */;
			buildPhases = (
				64F24A066DB07BAAE21936F3 /* [CP] Check Pods Manifest.lock */,
				624B372A26057F9100F7B0B9 /* Sources */,
				624B372B26057F9100F7B0B9 /* Frameworks */,
				624B372C26057F9100F7B0B9 /* Resources */,
				34B656E87C13453FB44D6E7F /* [CP] Embed Pods Frameworks */,
			);
			buildRules = (
			);
			dependencies = (
			);
			name = Parstagram;
			productName = Parstagram;
			productReference = 624B372E26057F9100F7B0B9 /* Parstagram.app */;
			productType = "com.apple.product-type.application";
		};
		624B374326057F9200F7B0B9 /* ParstagramTests */ = {
			isa = PBXNativeTarget;
			buildConfigurationList = 624B375B26057F9200F7B0B9 /* Build configuration list for PBXNativeTarget "ParstagramTests" */;
			buildPhases = (
				D64ECF9CDF501F427610D2DA /* [CP] Check Pods Manifest.lock */,
				624B374026057F9200F7B0B9 /* Sources */,
				624B374126057F9200F7B0B9 /* Frameworks */,
				624B374226057F9200F7B0B9 /* Resources */,
			);
			buildRules = (
			);
			dependencies = (
				624B374626057F9200F7B0B9 /* PBXTargetDependency */,
			);
			name = ParstagramTests;
			productName = ParstagramTests;
			productReference = 624B374426057F9200F7B0B9 /* ParstagramTests.xctest */;
			productType = "com.apple.product-type.bundle.unit-test";
		};
		624B374E26057F9200F7B0B9 /* ParstagramUITests */ = {
			isa = PBXNativeTarget;
			buildConfigurationList = 624B375E26057F9200F7B0B9 /* Build configuration list for PBXNativeTarget "ParstagramUITests" */;
			buildPhases = (
				596E823E2B9C2BA8D0F73E5B /* [CP] Check Pods Manifest.lock */,
				624B374B26057F9200F7B0B9 /* Sources */,
				624B374C26057F9200F7B0B9 /* Frameworks */,
				624B374D26057F9200F7B0B9 /* Resources */,
				5A1931ECB11C5A4A3D6DBBA5 /* [CP] Embed Pods Frameworks */,
			);
			buildRules = (
			);
			dependencies = (
				624B375126057F9200F7B0B9 /* PBXTargetDependency */,
			);
			name = ParstagramUITests;
			productName = ParstagramUITests;
			productReference = 624B374F26057F9200F7B0B9 /* ParstagramUITests.xctest */;
			productType = "com.apple.product-type.bundle.ui-testing";
		};
/* End PBXNativeTarget section */

/* Begin PBXProject section */
		624B372626057F9100F7B0B9 /* Project object */ = {
			isa = PBXProject;
			attributes = {
				LastSwiftUpdateCheck = 1240;
				LastUpgradeCheck = 1240;
				TargetAttributes = {
					624B372D26057F9100F7B0B9 = {
						CreatedOnToolsVersion = 12.4;
					};
					624B374326057F9200F7B0B9 = {
						CreatedOnToolsVersion = 12.4;
						TestTargetID = 624B372D26057F9100F7B0B9;
					};
					624B374E26057F9200F7B0B9 = {
						CreatedOnToolsVersion = 12.4;
						TestTargetID = 624B372D26057F9100F7B0B9;
					};
				};
			};
			buildConfigurationList = 624B372926057F9100F7B0B9 /* Build configuration list for PBXProject "Parstagram" */;
			compatibilityVersion = "Xcode 9.3";
			developmentRegion = en;
			hasScannedForEncodings = 0;
			knownRegions = (
				en,
				Base,
			);
			mainGroup = 624B372526057F9100F7B0B9;
			productRefGroup = 624B372F26057F9100F7B0B9 /* Products */;
			projectDirPath = "";
			projectRoot = "";
			targets = (
				624B372D26057F9100F7B0B9 /* Parstagram */,
				624B374326057F9200F7B0B9 /* ParstagramTests */,
				624B374E26057F9200F7B0B9 /* ParstagramUITests */,
			);
		};
/* End PBXProject section */

/* Begin PBXResourcesBuildPhase section */
		624B372C26057F9100F7B0B9 /* Resources */ = {
			isa = PBXResourcesBuildPhase;
			buildActionMask = 2147483647;
			files = (
				624B373E26057F9200F7B0B9 /* LaunchScreen.storyboard in Resources */,
				624B373B26057F9200F7B0B9 /* Assets.xcassets in Resources */,
				624B373926057F9100F7B0B9 /* Main.storyboard in Resources */,
			);
			runOnlyForDeploymentPostprocessing = 0;
		};
		624B374226057F9200F7B0B9 /* Resources */ = {
			isa = PBXResourcesBuildPhase;
			buildActionMask = 2147483647;
			files = (
			);
			runOnlyForDeploymentPostprocessing = 0;
		};
		624B374D26057F9200F7B0B9 /* Resources */ = {
			isa = PBXResourcesBuildPhase;
			buildActionMask = 2147483647;
			files = (
			);
			runOnlyForDeploymentPostprocessing = 0;
		};
/* End PBXResourcesBuildPhase section */

/* Begin PBXShellScriptBuildPhase section */
		34B656E87C13453FB44D6E7F /* [CP] Embed Pods Frameworks */ = {
			isa = PBXShellScriptBuildPhase;
			buildActionMask = 2147483647;
			files = (
			);
			inputFileListPaths = (
				"${PODS_ROOT}/Target Support Files/Pods-Parstagram/Pods-Parstagram-frameworks-${CONFIGURATION}-input-files.xcfilelist",
			);
			name = "[CP] Embed Pods Frameworks";
			outputFileListPaths = (
				"${PODS_ROOT}/Target Support Files/Pods-Parstagram/Pods-Parstagram-frameworks-${CONFIGURATION}-output-files.xcfilelist",
			);
			runOnlyForDeploymentPostprocessing = 0;
			shellPath = /bin/sh;
			shellScript = "\"${PODS_ROOT}/Target Support Files/Pods-Parstagram/Pods-Parstagram-frameworks.sh\"\n";
			showEnvVarsInLog = 0;
		};
		596E823E2B9C2BA8D0F73E5B /* [CP] Check Pods Manifest.lock */ = {
			isa = PBXShellScriptBuildPhase;
			buildActionMask = 2147483647;
			files = (
			);
			inputFileListPaths = (
			);
			inputPaths = (
				"${PODS_PODFILE_DIR_PATH}/Podfile.lock",
				"${PODS_ROOT}/Manifest.lock",
			);
			name = "[CP] Check Pods Manifest.lock";
			outputFileListPaths = (
			);
			outputPaths = (
				"$(DERIVED_FILE_DIR)/Pods-Parstagram-ParstagramUITests-checkManifestLockResult.txt",
			);
			runOnlyForDeploymentPostprocessing = 0;
			shellPath = /bin/sh;
			shellScript = "diff \"${PODS_PODFILE_DIR_PATH}/Podfile.lock\" \"${PODS_ROOT}/Manifest.lock\" > /dev/null\nif [ $? != 0 ] ; then\n    # print error to STDERR\n    echo \"error: The sandbox is not in sync with the Podfile.lock. Run 'pod install' or update your CocoaPods installation.\" >&2\n    exit 1\nfi\n# This output is used by Xcode 'outputs' to avoid re-running this script phase.\necho \"SUCCESS\" > \"${SCRIPT_OUTPUT_FILE_0}\"\n";
			showEnvVarsInLog = 0;
		};
		5A1931ECB11C5A4A3D6DBBA5 /* [CP] Embed Pods Frameworks */ = {
			isa = PBXShellScriptBuildPhase;
			buildActionMask = 2147483647;
			files = (
			);
			inputFileListPaths = (
				"${PODS_ROOT}/Target Support Files/Pods-Parstagram-ParstagramUITests/Pods-Parstagram-ParstagramUITests-frameworks-${CONFIGURATION}-input-files.xcfilelist",
			);
			name = "[CP] Embed Pods Frameworks";
			outputFileListPaths = (
				"${PODS_ROOT}/Target Support Files/Pods-Parstagram-ParstagramUITests/Pods-Parstagram-ParstagramUITests-frameworks-${CONFIGURATION}-output-files.xcfilelist",
			);
			runOnlyForDeploymentPostprocessing = 0;
			shellPath = /bin/sh;
			shellScript = "\"${PODS_ROOT}/Target Support Files/Pods-Parstagram-ParstagramUITests/Pods-Parstagram-ParstagramUITests-frameworks.sh\"\n";
			showEnvVarsInLog = 0;
		};
		64F24A066DB07BAAE21936F3 /* [CP] Check Pods Manifest.lock */ = {
			isa = PBXShellScriptBuildPhase;
			buildActionMask = 2147483647;
			files = (
			);
			inputFileListPaths = (
			);
			inputPaths = (
				"${PODS_PODFILE_DIR_PATH}/Podfile.lock",
				"${PODS_ROOT}/Manifest.lock",
			);
			name = "[CP] Check Pods Manifest.lock";
			outputFileListPaths = (
			);
			outputPaths = (
				"$(DERIVED_FILE_DIR)/Pods-Parstagram-checkManifestLockResult.txt",
			);
			runOnlyForDeploymentPostprocessing = 0;
			shellPath = /bin/sh;
			shellScript = "diff \"${PODS_PODFILE_DIR_PATH}/Podfile.lock\" \"${PODS_ROOT}/Manifest.lock\" > /dev/null\nif [ $? != 0 ] ; then\n    # print error to STDERR\n    echo \"error: The sandbox is not in sync with the Podfile.lock. Run 'pod install' or update your CocoaPods installation.\" >&2\n    exit 1\nfi\n# This output is used by Xcode 'outputs' to avoid re-running this script phase.\necho \"SUCCESS\" > \"${SCRIPT_OUTPUT_FILE_0}\"\n";
			showEnvVarsInLog = 0;
		};
		D64ECF9CDF501F427610D2DA /* [CP] Check Pods Manifest.lock */ = {
			isa = PBXShellScriptBuildPhase;
			buildActionMask = 2147483647;
			files = (
			);
			inputFileListPaths = (
			);
			inputPaths = (
				"${PODS_PODFILE_DIR_PATH}/Podfile.lock",
				"${PODS_ROOT}/Manifest.lock",
			);
			name = "[CP] Check Pods Manifest.lock";
			outputFileListPaths = (
			);
			outputPaths = (
				"$(DERIVED_FILE_DIR)/Pods-ParstagramTests-checkManifestLockResult.txt",
			);
			runOnlyForDeploymentPostprocessing = 0;
			shellPath = /bin/sh;
			shellScript = "diff \"${PODS_PODFILE_DIR_PATH}/Podfile.lock\" \"${PODS_ROOT}/Manifest.lock\" > /dev/null\nif [ $? != 0 ] ; then\n    # print error to STDERR\n    echo \"error: The sandbox is not in sync with the Podfile.lock. Run 'pod install' or update your CocoaPods installation.\" >&2\n    exit 1\nfi\n# This output is used by Xcode 'outputs' to avoid re-running this script phase.\necho \"SUCCESS\" > \"${SCRIPT_OUTPUT_FILE_0}\"\n";
			showEnvVarsInLog = 0;
		};
/* End PBXShellScriptBuildPhase section */

/* Begin PBXSourcesBuildPhase section */
		624B372A26057F9100F7B0B9 /* Sources */ = {
			isa = PBXSourcesBuildPhase;
			buildActionMask = 2147483647;
			files = (
				624B37742605883400F7B0B9 /* LoginViewController.swift in Sources */,
				624B373226057F9100F7B0B9 /* AppDelegate.swift in Sources */,
				624B37792605884400F7B0B9 /* FeedViewController.swift in Sources */,
				624B373426057F9100F7B0B9 /* SceneDelegate.swift in Sources */,
				624B3789260593E600F7B0B9 /* CameraViewController.swift in Sources */,
				624B37A42605A87300F7B0B9 /* PostCell.swift in Sources */,
			);
			runOnlyForDeploymentPostprocessing = 0;
		};
		624B374026057F9200F7B0B9 /* Sources */ = {
			isa = PBXSourcesBuildPhase;
			buildActionMask = 2147483647;
			files = (
				624B374926057F9200F7B0B9 /* ParstagramTests.swift in Sources */,
			);
			runOnlyForDeploymentPostprocessing = 0;
		};
		624B374B26057F9200F7B0B9 /* Sources */ = {
			isa = PBXSourcesBuildPhase;
			buildActionMask = 2147483647;
			files = (
				624B375426057F9200F7B0B9 /* ParstagramUITests.swift in Sources */,
			);
			runOnlyForDeploymentPostprocessing = 0;
		};
/* End PBXSourcesBuildPhase section */

/* Begin PBXTargetDependency section */
		624B374626057F9200F7B0B9 /* PBXTargetDependency */ = {
			isa = PBXTargetDependency;
			target = 624B372D26057F9100F7B0B9 /* Parstagram */;
			targetProxy = 624B374526057F9200F7B0B9 /* PBXContainerItemProxy */;
		};
		624B375126057F9200F7B0B9 /* PBXTargetDependency */ = {
			isa = PBXTargetDependency;
			target = 624B372D26057F9100F7B0B9 /* Parstagram */;
			targetProxy = 624B375026057F9200F7B0B9 /* PBXContainerItemProxy */;
		};
/* End PBXTargetDependency section */

/* Begin PBXVariantGroup section */
		624B373726057F9100F7B0B9 /* Main.storyboard */ = {
			isa = PBXVariantGroup;
			children = (
				624B373826057F9100F7B0B9 /* Base */,
			);
			name = Main.storyboard;
			sourceTree = "<group>";
		};
		624B373C26057F9200F7B0B9 /* LaunchScreen.storyboard */ = {
			isa = PBXVariantGroup;
			children = (
				624B373D26057F9200F7B0B9 /* Base */,
			);
			name = LaunchScreen.storyboard;
			sourceTree = "<group>";
		};
/* End PBXVariantGroup section */

/* Begin XCBuildConfiguration section */
		624B375626057F9200F7B0B9 /* Debug */ = {
			isa = XCBuildConfiguration;
			buildSettings = {
				ALWAYS_SEARCH_USER_PATHS = NO;
				CLANG_ANALYZER_NONNULL = YES;
				CLANG_ANALYZER_NUMBER_OBJECT_CONVERSION = YES_AGGRESSIVE;
				CLANG_CXX_LANGUAGE_STANDARD = "gnu++14";
				CLANG_CXX_LIBRARY = "libc++";
				CLANG_ENABLE_MODULES = YES;
				CLANG_ENABLE_OBJC_ARC = YES;
				CLANG_ENABLE_OBJC_WEAK = YES;
				CLANG_WARN_BLOCK_CAPTURE_AUTORELEASING = YES;
				CLANG_WARN_BOOL_CONVERSION = YES;
				CLANG_WARN_COMMA = YES;
				CLANG_WARN_CONSTANT_CONVERSION = YES;
				CLANG_WARN_DEPRECATED_OBJC_IMPLEMENTATIONS = YES;
				CLANG_WARN_DIRECT_OBJC_ISA_USAGE = YES_ERROR;
				CLANG_WARN_DOCUMENTATION_COMMENTS = YES;
				CLANG_WARN_EMPTY_BODY = YES;
				CLANG_WARN_ENUM_CONVERSION = YES;
				CLANG_WARN_INFINITE_RECURSION = YES;
				CLANG_WARN_INT_CONVERSION = YES;
				CLANG_WARN_NON_LITERAL_NULL_CONVERSION = YES;
				CLANG_WARN_OBJC_IMPLICIT_RETAIN_SELF = YES;
				CLANG_WARN_OBJC_LITERAL_CONVERSION = YES;
				CLANG_WARN_OBJC_ROOT_CLASS = YES_ERROR;
				CLANG_WARN_QUOTED_INCLUDE_IN_FRAMEWORK_HEADER = YES;
				CLANG_WARN_RANGE_LOOP_ANALYSIS = YES;
				CLANG_WARN_STRICT_PROTOTYPES = YES;
				CLANG_WARN_SUSPICIOUS_MOVE = YES;
				CLANG_WARN_UNGUARDED_AVAILABILITY = YES_AGGRESSIVE;
				CLANG_WARN_UNREACHABLE_CODE = YES;
				CLANG_WARN__DUPLICATE_METHOD_MATCH = YES;
				COPY_PHASE_STRIP = NO;
				DEBUG_INFORMATION_FORMAT = dwarf;
				ENABLE_STRICT_OBJC_MSGSEND = YES;
				ENABLE_TESTABILITY = YES;
				GCC_C_LANGUAGE_STANDARD = gnu11;
				GCC_DYNAMIC_NO_PIC = NO;
				GCC_NO_COMMON_BLOCKS = YES;
				GCC_OPTIMIZATION_LEVEL = 0;
				GCC_PREPROCESSOR_DEFINITIONS = (
					"DEBUG=1",
					"$(inherited)",
				);
				GCC_WARN_64_TO_32_BIT_CONVERSION = YES;
				GCC_WARN_ABOUT_RETURN_TYPE = YES_ERROR;
				GCC_WARN_UNDECLARED_SELECTOR = YES;
				GCC_WARN_UNINITIALIZED_AUTOS = YES_AGGRESSIVE;
				GCC_WARN_UNUSED_FUNCTION = YES;
				GCC_WARN_UNUSED_VARIABLE = YES;
				IPHONEOS_DEPLOYMENT_TARGET = 14.4;
				MTL_ENABLE_DEBUG_INFO = INCLUDE_SOURCE;
				MTL_FAST_MATH = YES;
				ONLY_ACTIVE_ARCH = YES;
				SDKROOT = iphoneos;
				SWIFT_ACTIVE_COMPILATION_CONDITIONS = DEBUG;
				SWIFT_OPTIMIZATION_LEVEL = "-Onone";
			};
			name = Debug;
		};
		624B375726057F9200F7B0B9 /* Release */ = {
			isa = XCBuildConfiguration;
			buildSettings = {
				ALWAYS_SEARCH_USER_PATHS = NO;
				CLANG_ANALYZER_NONNULL = YES;
				CLANG_ANALYZER_NUMBER_OBJECT_CONVERSION = YES_AGGRESSIVE;
				CLANG_CXX_LANGUAGE_STANDARD = "gnu++14";
				CLANG_CXX_LIBRARY = "libc++";
				CLANG_ENABLE_MODULES = YES;
				CLANG_ENABLE_OBJC_ARC = YES;
				CLANG_ENABLE_OBJC_WEAK = YES;
				CLANG_WARN_BLOCK_CAPTURE_AUTORELEASING = YES;
				CLANG_WARN_BOOL_CONVERSION = YES;
				CLANG_WARN_COMMA = YES;
				CLANG_WARN_CONSTANT_CONVERSION = YES;
				CLANG_WARN_DEPRECATED_OBJC_IMPLEMENTATIONS = YES;
				CLANG_WARN_DIRECT_OBJC_ISA_USAGE = YES_ERROR;
				CLANG_WARN_DOCUMENTATION_COMMENTS = YES;
				CLANG_WARN_EMPTY_BODY = YES;
				CLANG_WARN_ENUM_CONVERSION = YES;
				CLANG_WARN_INFINITE_RECURSION = YES;
				CLANG_WARN_INT_CONVERSION = YES;
				CLANG_WARN_NON_LITERAL_NULL_CONVERSION = YES;
				CLANG_WARN_OBJC_IMPLICIT_RETAIN_SELF = YES;
				CLANG_WARN_OBJC_LITERAL_CONVERSION = YES;
				CLANG_WARN_OBJC_ROOT_CLASS = YES_ERROR;
				CLANG_WARN_QUOTED_INCLUDE_IN_FRAMEWORK_HEADER = YES;
				CLANG_WARN_RANGE_LOOP_ANALYSIS = YES;
				CLANG_WARN_STRICT_PROTOTYPES = YES;
				CLANG_WARN_SUSPICIOUS_MOVE = YES;
				CLANG_WARN_UNGUARDED_AVAILABILITY = YES_AGGRESSIVE;
				CLANG_WARN_UNREACHABLE_CODE = YES;
				CLANG_WARN__DUPLICATE_METHOD_MATCH = YES;
				COPY_PHASE_STRIP = NO;
				DEBUG_INFORMATION_FORMAT = "dwarf-with-dsym";
				ENABLE_NS_ASSERTIONS = NO;
				ENABLE_STRICT_OBJC_MSGSEND = YES;
				GCC_C_LANGUAGE_STANDARD = gnu11;
				GCC_NO_COMMON_BLOCKS = YES;
				GCC_WARN_64_TO_32_BIT_CONVERSION = YES;
				GCC_WARN_ABOUT_RETURN_TYPE = YES_ERROR;
				GCC_WARN_UNDECLARED_SELECTOR = YES;
				GCC_WARN_UNINITIALIZED_AUTOS = YES_AGGRESSIVE;
				GCC_WARN_UNUSED_FUNCTION = YES;
				GCC_WARN_UNUSED_VARIABLE = YES;
				IPHONEOS_DEPLOYMENT_TARGET = 14.4;
				MTL_ENABLE_DEBUG_INFO = NO;
				MTL_FAST_MATH = YES;
				SDKROOT = iphoneos;
				SWIFT_COMPILATION_MODE = wholemodule;
				SWIFT_OPTIMIZATION_LEVEL = "-O";
				VALIDATE_PRODUCT = YES;
			};
			name = Release;
		};
		624B375926057F9200F7B0B9 /* Debug */ = {
			isa = XCBuildConfiguration;
			baseConfigurationReference = AAE17C37CE825784D8F02CAB /* Pods-Parstagram.debug.xcconfig */;
			buildSettings = {
				ASSETCATALOG_COMPILER_APPICON_NAME = AppIcon;
				ASSETCATALOG_COMPILER_GLOBAL_ACCENT_COLOR_NAME = AccentColor;
				CODE_SIGN_STYLE = Automatic;
				DEVELOPMENT_TEAM = 582L6ASD48;
				INFOPLIST_FILE = Parstagram/Info.plist;
				LD_RUNPATH_SEARCH_PATHS = (
					"$(inherited)",
					"@executable_path/Frameworks",
				);
				PRODUCT_BUNDLE_IDENTIFIER = com.tylerhernandez.Parstagram;
				PRODUCT_NAME = "$(TARGET_NAME)";
				SWIFT_VERSION = 5.0;
				TARGETED_DEVICE_FAMILY = "1,2";
			};
			name = Debug;
		};
		624B375A26057F9200F7B0B9 /* Release */ = {
			isa = XCBuildConfiguration;
			baseConfigurationReference = 2A2C4C6846CA48EAEFD59FB3 /* Pods-Parstagram.release.xcconfig */;
			buildSettings = {
				ASSETCATALOG_COMPILER_APPICON_NAME = AppIcon;
				ASSETCATALOG_COMPILER_GLOBAL_ACCENT_COLOR_NAME = AccentColor;
				CODE_SIGN_STYLE = Automatic;
				DEVELOPMENT_TEAM = 582L6ASD48;
				INFOPLIST_FILE = Parstagram/Info.plist;
				LD_RUNPATH_SEARCH_PATHS = (
					"$(inherited)",
					"@executable_path/Frameworks",
				);
				PRODUCT_BUNDLE_IDENTIFIER = com.tylerhernandez.Parstagram;
				PRODUCT_NAME = "$(TARGET_NAME)";
				SWIFT_VERSION = 5.0;
				TARGETED_DEVICE_FAMILY = "1,2";
			};
			name = Release;
		};
		624B375C26057F9200F7B0B9 /* Debug */ = {
			isa = XCBuildConfiguration;
			baseConfigurationReference = D3CEAFB9B9FD46D29DC3FE49 /* Pods-ParstagramTests.debug.xcconfig */;
			buildSettings = {
				ALWAYS_EMBED_SWIFT_STANDARD_LIBRARIES = YES;
				BUNDLE_LOADER = "$(TEST_HOST)";
				CODE_SIGN_STYLE = Automatic;
				DEVELOPMENT_TEAM = 582L6ASD48;
				INFOPLIST_FILE = ParstagramTests/Info.plist;
				IPHONEOS_DEPLOYMENT_TARGET = 14.4;
				LD_RUNPATH_SEARCH_PATHS = (
					"$(inherited)",
					"@executable_path/Frameworks",
					"@loader_path/Frameworks",
				);
				PRODUCT_BUNDLE_IDENTIFIER = com.tylerhernandez.ParstagramTests;
				PRODUCT_NAME = "$(TARGET_NAME)";
				SWIFT_VERSION = 5.0;
				TARGETED_DEVICE_FAMILY = "1,2";
				TEST_HOST = "$(BUILT_PRODUCTS_DIR)/Parstagram.app/Parstagram";
			};
			name = Debug;
		};
		624B375D26057F9200F7B0B9 /* Release */ = {
			isa = XCBuildConfiguration;
			baseConfigurationReference = 3BB5D289BEB8BC39626EE83A /* Pods-ParstagramTests.release.xcconfig */;
			buildSettings = {
				ALWAYS_EMBED_SWIFT_STANDARD_LIBRARIES = YES;
				BUNDLE_LOADER = "$(TEST_HOST)";
				CODE_SIGN_STYLE = Automatic;
				DEVELOPMENT_TEAM = 582L6ASD48;
				INFOPLIST_FILE = ParstagramTests/Info.plist;
				IPHONEOS_DEPLOYMENT_TARGET = 14.4;
				LD_RUNPATH_SEARCH_PATHS = (
					"$(inherited)",
					"@executable_path/Frameworks",
					"@loader_path/Frameworks",
				);
				PRODUCT_BUNDLE_IDENTIFIER = com.tylerhernandez.ParstagramTests;
				PRODUCT_NAME = "$(TARGET_NAME)";
				SWIFT_VERSION = 5.0;
				TARGETED_DEVICE_FAMILY = "1,2";
				TEST_HOST = "$(BUILT_PRODUCTS_DIR)/Parstagram.app/Parstagram";
			};
			name = Release;
		};
		624B375F26057F9200F7B0B9 /* Debug */ = {
			isa = XCBuildConfiguration;
			baseConfigurationReference = 9D8052286B609FA8F8691582 /* Pods-Parstagram-ParstagramUITests.debug.xcconfig */;
			buildSettings = {
				ALWAYS_EMBED_SWIFT_STANDARD_LIBRARIES = YES;
				CODE_SIGN_STYLE = Automatic;
				DEVELOPMENT_TEAM = 582L6ASD48;
				INFOPLIST_FILE = ParstagramUITests/Info.plist;
				LD_RUNPATH_SEARCH_PATHS = (
					"$(inherited)",
					"@executable_path/Frameworks",
					"@loader_path/Frameworks",
				);
				PRODUCT_BUNDLE_IDENTIFIER = com.tylerhernandez.ParstagramUITests;
				PRODUCT_NAME = "$(TARGET_NAME)";
				SWIFT_VERSION = 5.0;
				TARGETED_DEVICE_FAMILY = "1,2";
				TEST_TARGET_NAME = Parstagram;
			};
			name = Debug;
		};
		624B376026057F9200F7B0B9 /* Release */ = {
			isa = XCBuildConfiguration;
			baseConfigurationReference = 41B38A7945CC742C7D856DEA /* Pods-Parstagram-ParstagramUITests.release.xcconfig */;
			buildSettings = {
				ALWAYS_EMBED_SWIFT_STANDARD_LIBRARIES = YES;
				CODE_SIGN_STYLE = Automatic;
				DEVELOPMENT_TEAM = 582L6ASD48;
				INFOPLIST_FILE = ParstagramUITests/Info.plist;
				LD_RUNPATH_SEARCH_PATHS = (
					"$(inherited)",
					"@executable_path/Frameworks",
					"@loader_path/Frameworks",
				);
				PRODUCT_BUNDLE_IDENTIFIER = com.tylerhernandez.ParstagramUITests;
				PRODUCT_NAME = "$(TARGET_NAME)";
				SWIFT_VERSION = 5.0;
				TARGETED_DEVICE_FAMILY = "1,2";
				TEST_TARGET_NAME = Parstagram;
			};
			name = Release;
		};
/* End XCBuildConfiguration section */

/* Begin XCConfigurationList section */
		624B372926057F9100F7B0B9 /* Build configuration list for PBXProject "Parstagram" */ = {
			isa = XCConfigurationList;
			buildConfigurations = (
				624B375626057F9200F7B0B9 /* Debug */,
				624B375726057F9200F7B0B9 /* Release */,
			);
			defaultConfigurationIsVisible = 0;
			defaultConfigurationName = Release;
		};
		624B375826057F9200F7B0B9 /* Build configuration list for PBXNativeTarget "Parstagram" */ = {
			isa = XCConfigurationList;
			buildConfigurations = (
				624B375926057F9200F7B0B9 /* Debug */,
				624B375A26057F9200F7B0B9 /* Release */,
			);
			defaultConfigurationIsVisible = 0;
			defaultConfigurationName = Release;
		};
		624B375B26057F9200F7B0B9 /* Build configuration list for PBXNativeTarget "ParstagramTests" */ = {
			isa = XCConfigurationList;
			buildConfigurations = (
				624B375C26057F9200F7B0B9 /* Debug */,
				624B375D26057F9200F7B0B9 /* Release */,
			);
			defaultConfigurationIsVisible = 0;
			defaultConfigurationName = Release;
		};
		624B375E26057F9200F7B0B9 /* Build configuration list for PBXNativeTarget "ParstagramUITests" */ = {
			isa = XCConfigurationList;
			buildConfigurations = (
				624B375F26057F9200F7B0B9 /* Debug */,
				624B376026057F9200F7B0B9 /* Release */,
			);
			defaultConfigurationIsVisible = 0;
			defaultConfigurationName = Release;
		};
/* End XCConfigurationList section */
	};
	rootObject = 624B372626057F9100F7B0B9 /* Project object */;
}
